
Microsoft Visual Studio Solution File, Format Version 12.00
# Visual Studio Version 17
VisualStudioVersion = 17.5.002.0
MinimumVisualStudioVersion = 10.0.40219.1
Project("{9A19103F-16F7-4668-BE54-9A1E7A4F7556}") = "Universidad", "Universidad.csproj", "{30A60482-EBE6-49CF-87F2-16793F3BDCF2}"
EndProject
Global
	GlobalSection(SolutionConfigurationPlatforms) = preSolution
		Debug|Any CPU = Debug|Any CPU
		Release|Any CPU = Release|Any CPU
	EndGlobalSection
	GlobalSection(ProjectConfigurationPlatforms) = postSolution
		{30A60482-EBE6-49CF-87F2-16793F3BDCF2}.Debug|Any CPU.ActiveCfg = Debug|Any CPU
		{30A60482-EBE6-49CF-87F2-16793F3BDCF2}.Debug|Any CPU.Build.0 = Debug|Any CPU
		{30A60482-EBE6-49CF-87F2-16793F3BDCF2}.Release|Any CPU.ActiveCfg = Release|Any CPU
		{30A60482-EBE6-49CF-87F2-16793F3BDCF2}.Release|Any CPU.Build.0 = Release|Any CPU
	EndGlobalSection
	GlobalSection(SolutionProperties) = preSolution
		HideSolutionNode = FALSE
	EndGlobalSection
	GlobalSection(ExtensibilityGlobals) = postSolution
		SolutionGuid = {1525B6A6-DC50-471A-92A2-81D9E9A1DC14}
	EndGlobalSection
EndGlobal
